
Microsoft Visual Studio Solution File, Format Version 12.00
# Visual Studio 14
VisualStudioVersion = 14.0.25420.1
MinimumVisualStudioVersion = 10.0.40219.1
Project("{FAE04EC0-301F-11D3-BF4B-00C04F79EFBC}") = "Henry Hernandez W2 POS 409 FOR LOOP", "Henry Hernandez W2 POS 409 FOR LOOP\Henry Hernandez W2 POS 409 FOR LOOP.csproj", "{96EAEB11-0BB0-412E-BE81-522AC6A99A2E}"
EndProject
Global
	GlobalSection(SolutionConfigurationPlatforms) = preSolution
		Debug|Any CPU = Debug|Any CPU
		Release|Any CPU = Release|Any CPU
	EndGlobalSection
	GlobalSection(ProjectConfigurationPlatforms) = postSolution
		{96EAEB11-0BB0-412E-BE81-522AC6A99A2E}.Debug|Any CPU.ActiveCfg = Debug|Any CPU
		{96EAEB11-0BB0-412E-BE81-522AC6A99A2E}.Debug|Any CPU.Build.0 = Debug|Any CPU
		{96EAEB11-0BB0-412E-BE81-522AC6A99A2E}.Release|Any CPU.ActiveCfg = Release|Any CPU
		{96EAEB11-0BB0-412E-BE81-522AC6A99A2E}.Release|Any CPU.Build.0 = Release|Any CPU
	EndGlobalSection
	GlobalSection(SolutionProperties) = preSolution
		HideSolutionNode = FALSE
	EndGlobalSection
EndGlobal
